// !$*UTF8*$!
{
	archiveVersion = 1;
	classes = {
	};
	objectVersion = 50;
	objects = {

/* Begin PBXBuildFile section */
		32A7F4E92633AE4B00058AAE /* AppDelegate.swift in Sources */ = {isa = PBXBuildFile; fileRef = 32A7F4E82633AE4B00058AAE /* AppDelegate.swift */; };
		32A7F4EB2633AE4B00058AAE /* SceneDelegate.swift in Sources */ = {isa = PBXBuildFile; fileRef = 32A7F4EA2633AE4B00058AAE /* SceneDelegate.swift */; };
		32A7F4ED2633AE4B00058AAE /* ViewController.swift in Sources */ = {isa = PBXBuildFile; fileRef = 32A7F4EC2633AE4B00058AAE /* ViewController.swift */; };
		32A7F4F02633AE4B00058AAE /* Main.storyboard in Resources */ = {isa = PBXBuildFile; fileRef = 32A7F4EE2633AE4B00058AAE /* Main.storyboard */; };
		32A7F4F22633AE4F00058AAE /* Assets.xcassets in Resources */ = {isa = PBXBuildFile; fileRef = 32A7F4F12633AE4F00058AAE /* Assets.xcassets */; };
		32A7F4F52633AE4F00058AAE /* LaunchScreen.storyboard in Resources */ = {isa = PBXBuildFile; fileRef = 32A7F4F32633AE4F00058AAE /* LaunchScreen.storyboard */; };
		32A7F5002633AE4F00058AAE /* GithubSearchTests.swift in Sources */ = {isa = PBXBuildFile; fileRef = 32A7F4FF2633AE4F00058AAE /* GithubSearchTests.swift */; };
		32A7F50B2633AE4F00058AAE /* GithubSearchUITests.swift in Sources */ = {isa = PBXBuildFile; fileRef = 32A7F50A2633AE4F00058AAE /* GithubSearchUITests.swift */; };
		32A7F51C2633AF9000058AAE /* User.swift in Sources */ = {isa = PBXBuildFile; fileRef = 32A7F51B2633AF9000058AAE /* User.swift */; };
		32A7F5212633AFC800058AAE /* Repository.swift in Sources */ = {isa = PBXBuildFile; fileRef = 32A7F5202633AFC800058AAE /* Repository.swift */; };
		32A7F5262633B0F800058AAE /* ExampleJSON.swift in Sources */ = {isa = PBXBuildFile; fileRef = 32A7F5252633B0F800058AAE /* ExampleJSON.swift */; };
		32A7F52B2633B22A00058AAE /* UserTests.swift in Sources */ = {isa = PBXBuildFile; fileRef = 32A7F52A2633B22A00058AAE /* UserTests.swift */; };
		32A7F5302633B39B00058AAE /* RepositoryTests.swift in Sources */ = {isa = PBXBuildFile; fileRef = 32A7F52F2633B39B00058AAE /* RepositoryTests.swift */; };
		32A7F5352633B53300058AAE /* SearchResponse.swift in Sources */ = {isa = PBXBuildFile; fileRef = 32A7F5342633B53300058AAE /* SearchResponse.swift */; };
		32A7F53D2633B7AD00058AAE /* SearchResponseTests.swift in Sources */ = {isa = PBXBuildFile; fileRef = 32A7F53C2633B7AD00058AAE /* SearchResponseTests.swift */; };
		32A7F5452633D7C900058AAE /* GitHubClientError.swift in Sources */ = {isa = PBXBuildFile; fileRef = 32A7F5442633D7C900058AAE /* GitHubClientError.swift */; };
		32A7F54A2633D86900058AAE /* GitHubAPIError.swift in Sources */ = {isa = PBXBuildFile; fileRef = 32A7F5492633D86900058AAE /* GitHubAPIError.swift */; };
		32A7F54F2633DABE00058AAE /* GitHubAPIErrorTests.swift in Sources */ = {isa = PBXBuildFile; fileRef = 32A7F54E2633DABE00058AAE /* GitHubAPIErrorTests.swift */; };
/* End PBXBuildFile section */

/* Begin PBXContainerItemProxy section */
		32A7F4FC2633AE4F00058AAE /* PBXContainerItemProxy */ = {
			isa = PBXContainerItemProxy;
			containerPortal = 32A7F4DD2633AE4B00058AAE /* Project object */;
			proxyType = 1;
			remoteGlobalIDString = 32A7F4E42633AE4B00058AAE;
			remoteInfo = GithubSearch;
		};
		32A7F5072633AE4F00058AAE /* PBXContainerItemProxy */ = {
			isa = PBXContainerItemProxy;
			containerPortal = 32A7F4DD2633AE4B00058AAE /* Project object */;
			proxyType = 1;
			remoteGlobalIDString = 32A7F4E42633AE4B00058AAE;
			remoteInfo = GithubSearch;
		};
/* End PBXContainerItemProxy section */

/* Begin PBXFileReference section */
		32A7F4E52633AE4B00058AAE /* GithubSearch.app */ = {isa = PBXFileReference; explicitFileType = wrapper.application; includeInIndex = 0; path = GithubSearch.app; sourceTree = BUILT_PRODUCTS_DIR; };
		32A7F4E82633AE4B00058AAE /* AppDelegate.swift */ = {isa = PBXFileReference; lastKnownFileType = sourcecode.swift; path = AppDelegate.swift; sourceTree = "<group>"; };
		32A7F4EA2633AE4B00058AAE /* SceneDelegate.swift */ = {isa = PBXFileReference; lastKnownFileType = sourcecode.swift; path = SceneDelegate.swift; sourceTree = "<group>"; };
		32A7F4EC2633AE4B00058AAE /* ViewController.swift */ = {isa = PBXFileReference; lastKnownFileType = sourcecode.swift; path = ViewController.swift; sourceTree = "<group>"; };
		32A7F4EF2633AE4B00058AAE /* Base */ = {isa = PBXFileReference; lastKnownFileType = file.storyboard; name = Base; path = Base.lproj/Main.storyboard; sourceTree = "<group>"; };
		32A7F4F12633AE4F00058AAE /* Assets.xcassets */ = {isa = PBXFileReference; lastKnownFileType = folder.assetcatalog; path = Assets.xcassets; sourceTree = "<group>"; };
		32A7F4F42633AE4F00058AAE /* Base */ = {isa = PBXFileReference; lastKnownFileType = file.storyboard; name = Base; path = Base.lproj/LaunchScreen.storyboard; sourceTree = "<group>"; };
		32A7F4F62633AE4F00058AAE /* Info.plist */ = {isa = PBXFileReference; lastKnownFileType = text.plist.xml; path = Info.plist; sourceTree = "<group>"; };
		32A7F4FB2633AE4F00058AAE /* GithubSearchTests.xctest */ = {isa = PBXFileReference; explicitFileType = wrapper.cfbundle; includeInIndex = 0; path = GithubSearchTests.xctest; sourceTree = BUILT_PRODUCTS_DIR; };
		32A7F4FF2633AE4F00058AAE /* GithubSearchTests.swift */ = {isa = PBXFileReference; lastKnownFileType = sourcecode.swift; path = GithubSearchTests.swift; sourceTree = "<group>"; };
		32A7F5012633AE4F00058AAE /* Info.plist */ = {isa = PBXFileReference; lastKnownFileType = text.plist.xml; path = Info.plist; sourceTree = "<group>"; };
		32A7F5062633AE4F00058AAE /* GithubSearchUITests.xctest */ = {isa = PBXFileReference; explicitFileType = wrapper.cfbundle; includeInIndex = 0; path = GithubSearchUITests.xctest; sourceTree = BUILT_PRODUCTS_DIR; };
		32A7F50A2633AE4F00058AAE /* GithubSearchUITests.swift */ = {isa = PBXFileReference; lastKnownFileType = sourcecode.swift; path = GithubSearchUITests.swift; sourceTree = "<group>"; };
		32A7F50C2633AE4F00058AAE /* Info.plist */ = {isa = PBXFileReference; lastKnownFileType = text.plist.xml; path = Info.plist; sourceTree = "<group>"; };
		32A7F51B2633AF9000058AAE /* User.swift */ = {isa = PBXFileReference; lastKnownFileType = sourcecode.swift; path = User.swift; sourceTree = "<group>"; };
		32A7F5202633AFC800058AAE /* Repository.swift */ = {isa = PBXFileReference; lastKnownFileType = sourcecode.swift; path = Repository.swift; sourceTree = "<group>"; };
		32A7F5252633B0F800058AAE /* ExampleJSON.swift */ = {isa = PBXFileReference; lastKnownFileType = sourcecode.swift; path = ExampleJSON.swift; sourceTree = "<group>"; };
		32A7F52A2633B22A00058AAE /* UserTests.swift */ = {isa = PBXFileReference; lastKnownFileType = sourcecode.swift; path = UserTests.swift; sourceTree = "<group>"; };
		32A7F52F2633B39B00058AAE /* RepositoryTests.swift */ = {isa = PBXFileReference; lastKnownFileType = sourcecode.swift; path = RepositoryTests.swift; sourceTree = "<group>"; };
		32A7F5342633B53300058AAE /* SearchResponse.swift */ = {isa = PBXFileReference; lastKnownFileType = sourcecode.swift; path = SearchResponse.swift; sourceTree = "<group>"; };
		32A7F53C2633B7AD00058AAE /* SearchResponseTests.swift */ = {isa = PBXFileReference; lastKnownFileType = sourcecode.swift; path = SearchResponseTests.swift; sourceTree = "<group>"; };
		32A7F5442633D7C900058AAE /* GitHubClientError.swift */ = {isa = PBXFileReference; lastKnownFileType = sourcecode.swift; path = GitHubClientError.swift; sourceTree = "<group>"; };
		32A7F5492633D86900058AAE /* GitHubAPIError.swift */ = {isa = PBXFileReference; lastKnownFileType = sourcecode.swift; path = GitHubAPIError.swift; sourceTree = "<group>"; };
		32A7F54E2633DABE00058AAE /* GitHubAPIErrorTests.swift */ = {isa = PBXFileReference; lastKnownFileType = sourcecode.swift; path = GitHubAPIErrorTests.swift; sourceTree = "<group>"; };
/* End PBXFileReference section */

/* Begin PBXFrameworksBuildPhase section */
		32A7F4E22633AE4B00058AAE /* Frameworks */ = {
			isa = PBXFrameworksBuildPhase;
			buildActionMask = 2147483647;
			files = (
			);
			runOnlyForDeploymentPostprocessing = 0;
		};
		32A7F4F82633AE4F00058AAE /* Frameworks */ = {
			isa = PBXFrameworksBuildPhase;
			buildActionMask = 2147483647;
			files = (
			);
			runOnlyForDeploymentPostprocessing = 0;
		};
		32A7F5032633AE4F00058AAE /* Frameworks */ = {
			isa = PBXFrameworksBuildPhase;
			buildActionMask = 2147483647;
			files = (
			);
			runOnlyForDeploymentPostprocessing = 0;
		};
/* End PBXFrameworksBuildPhase section */

/* Begin PBXGroup section */
		32A7F4DC2633AE4B00058AAE = {
			isa = PBXGroup;
			children = (
				32A7F4E72633AE4B00058AAE /* GithubSearch */,
				32A7F4FE2633AE4F00058AAE /* GithubSearchTests */,
				32A7F5092633AE4F00058AAE /* GithubSearchUITests */,
				32A7F4E62633AE4B00058AAE /* Products */,
			);
			sourceTree = "<group>";
		};
		32A7F4E62633AE4B00058AAE /* Products */ = {
			isa = PBXGroup;
			children = (
				32A7F4E52633AE4B00058AAE /* GithubSearch.app */,
				32A7F4FB2633AE4F00058AAE /* GithubSearchTests.xctest */,
				32A7F5062633AE4F00058AAE /* GithubSearchUITests.xctest */,
			);
			name = Products;
			sourceTree = "<group>";
		};
		32A7F4E72633AE4B00058AAE /* GithubSearch */ = {
			isa = PBXGroup;
			children = (
				32A7F4E82633AE4B00058AAE /* AppDelegate.swift */,
				32A7F4EA2633AE4B00058AAE /* SceneDelegate.swift */,
				32A7F4EC2633AE4B00058AAE /* ViewController.swift */,
				32A7F4EE2633AE4B00058AAE /* Main.storyboard */,
				32A7F4F12633AE4F00058AAE /* Assets.xcassets */,
				32A7F4F32633AE4F00058AAE /* LaunchScreen.storyboard */,
				32A7F4F62633AE4F00058AAE /* Info.plist */,
				32A7F51B2633AF9000058AAE /* User.swift */,
				32A7F5202633AFC800058AAE /* Repository.swift */,
				32A7F5342633B53300058AAE /* SearchResponse.swift */,
				32A7F5442633D7C900058AAE /* GitHubClientError.swift */,
				32A7F5492633D86900058AAE /* GitHubAPIError.swift */,
			);
			path = GithubSearch;
			sourceTree = "<group>";
		};
		32A7F4FE2633AE4F00058AAE /* GithubSearchTests */ = {
			isa = PBXGroup;
			children = (
				32A7F4FF2633AE4F00058AAE /* GithubSearchTests.swift */,
				32A7F5012633AE4F00058AAE /* Info.plist */,
				32A7F5252633B0F800058AAE /* ExampleJSON.swift */,
				32A7F52A2633B22A00058AAE /* UserTests.swift */,
				32A7F52F2633B39B00058AAE /* RepositoryTests.swift */,
				32A7F53C2633B7AD00058AAE /* SearchResponseTests.swift */,
				32A7F54E2633DABE00058AAE /* GitHubAPIErrorTests.swift */,
			);
			path = GithubSearchTests;
			sourceTree = "<group>";
		};
		32A7F5092633AE4F00058AAE /* GithubSearchUITests */ = {
			isa = PBXGroup;
			children = (
				32A7F50A2633AE4F00058AAE /* GithubSearchUITests.swift */,
				32A7F50C2633AE4F00058AAE /* Info.plist */,
			);
			path = GithubSearchUITests;
			sourceTree = "<group>";
		};
/* End PBXGroup section */

/* Begin PBXNativeTarget section */
		32A7F4E42633AE4B00058AAE /* GithubSearch */ = {
			isa = PBXNativeTarget;
			buildConfigurationList = 32A7F50F2633AE4F00058AAE /* Build configuration list for PBXNativeTarget "GithubSearch" */;
			buildPhases = (
				32A7F4E12633AE4B00058AAE /* Sources */,
				32A7F4E22633AE4B00058AAE /* Frameworks */,
				32A7F4E32633AE4B00058AAE /* Resources */,
			);
			buildRules = (
			);
			dependencies = (
			);
			name = GithubSearch;
			productName = GithubSearch;
			productReference = 32A7F4E52633AE4B00058AAE /* GithubSearch.app */;
			productType = "com.apple.product-type.application";
		};
		32A7F4FA2633AE4F00058AAE /* GithubSearchTests */ = {
			isa = PBXNativeTarget;
			buildConfigurationList = 32A7F5122633AE4F00058AAE /* Build configuration list for PBXNativeTarget "GithubSearchTests" */;
			buildPhases = (
				32A7F4F72633AE4F00058AAE /* Sources */,
				32A7F4F82633AE4F00058AAE /* Frameworks */,
				32A7F4F92633AE4F00058AAE /* Resources */,
			);
			buildRules = (
			);
			dependencies = (
				32A7F4FD2633AE4F00058AAE /* PBXTargetDependency */,
			);
			name = GithubSearchTests;
			productName = GithubSearchTests;
			productReference = 32A7F4FB2633AE4F00058AAE /* GithubSearchTests.xctest */;
			productType = "com.apple.product-type.bundle.unit-test";
		};
		32A7F5052633AE4F00058AAE /* GithubSearchUITests */ = {
			isa = PBXNativeTarget;
			buildConfigurationList = 32A7F5152633AE4F00058AAE /* Build configuration list for PBXNativeTarget "GithubSearchUITests" */;
			buildPhases = (
				32A7F5022633AE4F00058AAE /* Sources */,
				32A7F5032633AE4F00058AAE /* Frameworks */,
				32A7F5042633AE4F00058AAE /* Resources */,
			);
			buildRules = (
			);
			dependencies = (
				32A7F5082633AE4F00058AAE /* PBXTargetDependency */,
			);
			name = GithubSearchUITests;
			productName = GithubSearchUITests;
			productReference = 32A7F5062633AE4F00058AAE /* GithubSearchUITests.xctest */;
			productType = "com.apple.product-type.bundle.ui-testing";
		};
/* End PBXNativeTarget section */

/* Begin PBXProject section */
		32A7F4DD2633AE4B00058AAE /* Project object */ = {
			isa = PBXProject;
			attributes = {
				LastSwiftUpdateCheck = 1240;
				LastUpgradeCheck = 1240;
				TargetAttributes = {
					32A7F4E42633AE4B00058AAE = {
						CreatedOnToolsVersion = 12.4;
					};
					32A7F4FA2633AE4F00058AAE = {
						CreatedOnToolsVersion = 12.4;
						TestTargetID = 32A7F4E42633AE4B00058AAE;
					};
					32A7F5052633AE4F00058AAE = {
						CreatedOnToolsVersion = 12.4;
						TestTargetID = 32A7F4E42633AE4B00058AAE;
					};
				};
			};
			buildConfigurationList = 32A7F4E02633AE4B00058AAE /* Build configuration list for PBXProject "GithubSearch" */;
			compatibilityVersion = "Xcode 9.3";
			developmentRegion = en;
			hasScannedForEncodings = 0;
			knownRegions = (
				en,
				Base,
			);
			mainGroup = 32A7F4DC2633AE4B00058AAE;
			productRefGroup = 32A7F4E62633AE4B00058AAE /* Products */;
			projectDirPath = "";
			projectRoot = "";
			targets = (
				32A7F4E42633AE4B00058AAE /* GithubSearch */,
				32A7F4FA2633AE4F00058AAE /* GithubSearchTests */,
				32A7F5052633AE4F00058AAE /* GithubSearchUITests */,
			);
		};
/* End PBXProject section */

/* Begin PBXResourcesBuildPhase section */
		32A7F4E32633AE4B00058AAE /* Resources */ = {
			isa = PBXResourcesBuildPhase;
			buildActionMask = 2147483647;
			files = (
				32A7F4F52633AE4F00058AAE /* LaunchScreen.storyboard in Resources */,
				32A7F4F22633AE4F00058AAE /* Assets.xcassets in Resources */,
				32A7F4F02633AE4B00058AAE /* Main.storyboard in Resources */,
			);
			runOnlyForDeploymentPostprocessing = 0;
		};
		32A7F4F92633AE4F00058AAE /* Resources */ = {
			isa = PBXResourcesBuildPhase;
			buildActionMask = 2147483647;
			files = (
			);
			runOnlyForDeploymentPostprocessing = 0;
		};
		32A7F5042633AE4F00058AAE /* Resources */ = {
			isa = PBXResourcesBuildPhase;
			buildActionMask = 2147483647;
			files = (
			);
			runOnlyForDeploymentPostprocessing = 0;
		};
/* End PBXResourcesBuildPhase section */

/* Begin PBXSourcesBuildPhase section */
		32A7F4E12633AE4B00058AAE /* Sources */ = {
			isa = PBXSourcesBuildPhase;
			buildActionMask = 2147483647;
			files = (
				32A7F51C2633AF9000058AAE /* User.swift in Sources */,
				32A7F4ED2633AE4B00058AAE /* ViewController.swift in Sources */,
				32A7F5352633B53300058AAE /* SearchResponse.swift in Sources */,
				32A7F5212633AFC800058AAE /* Repository.swift in Sources */,
				32A7F4E92633AE4B00058AAE /* AppDelegate.swift in Sources */,
				32A7F5452633D7C900058AAE /* GitHubClientError.swift in Sources */,
				32A7F54A2633D86900058AAE /* GitHubAPIError.swift in Sources */,
				32A7F4EB2633AE4B00058AAE /* SceneDelegate.swift in Sources */,
			);
			runOnlyForDeploymentPostprocessing = 0;
		};
		32A7F4F72633AE4F00058AAE /* Sources */ = {
			isa = PBXSourcesBuildPhase;
			buildActionMask = 2147483647;
			files = (
				32A7F54F2633DABE00058AAE /* GitHubAPIErrorTests.swift in Sources */,
				32A7F52B2633B22A00058AAE /* UserTests.swift in Sources */,
				32A7F53D2633B7AD00058AAE /* SearchResponseTests.swift in Sources */,
				32A7F5262633B0F800058AAE /* ExampleJSON.swift in Sources */,
				32A7F5002633AE4F00058AAE /* GithubSearchTests.swift in Sources */,
				32A7F5302633B39B00058AAE /* RepositoryTests.swift in Sources */,
			);
			runOnlyForDeploymentPostprocessing = 0;
		};
		32A7F5022633AE4F00058AAE /* Sources */ = {
			isa = PBXSourcesBuildPhase;
			buildActionMask = 2147483647;
			files = (
				32A7F50B2633AE4F00058AAE /* GithubSearchUITests.swift in Sources */,
			);
			runOnlyForDeploymentPostprocessing = 0;
		};
/* End PBXSourcesBuildPhase section */

/* Begin PBXTargetDependency section */
		32A7F4FD2633AE4F00058AAE /* PBXTargetDependency */ = {
			isa = PBXTargetDependency;
			target = 32A7F4E42633AE4B00058AAE /* GithubSearch */;
			targetProxy = 32A7F4FC2633AE4F00058AAE /* PBXContainerItemProxy */;
		};
		32A7F5082633AE4F00058AAE /* PBXTargetDependency */ = {
			isa = PBXTargetDependency;
			target = 32A7F4E42633AE4B00058AAE /* GithubSearch */;
			targetProxy = 32A7F5072633AE4F00058AAE /* PBXContainerItemProxy */;
		};
/* End PBXTargetDependency section */

/* Begin PBXVariantGroup section */
		32A7F4EE2633AE4B00058AAE /* Main.storyboard */ = {
			isa = PBXVariantGroup;
			children = (
				32A7F4EF2633AE4B00058AAE /* Base */,
			);
			name = Main.storyboard;
			sourceTree = "<group>";
		};
		32A7F4F32633AE4F00058AAE /* LaunchScreen.storyboard */ = {
			isa = PBXVariantGroup;
			children = (
				32A7F4F42633AE4F00058AAE /* Base */,
			);
			name = LaunchScreen.storyboard;
			sourceTree = "<group>";
		};
/* End PBXVariantGroup section */

/* Begin XCBuildConfiguration section */
		32A7F50D2633AE4F00058AAE /* Debug */ = {
			isa = XCBuildConfiguration;
			buildSettings = {
				ALWAYS_SEARCH_USER_PATHS = NO;
				CLANG_ANALYZER_NONNULL = YES;
				CLANG_ANALYZER_NUMBER_OBJECT_CONVERSION = YES_AGGRESSIVE;
				CLANG_CXX_LANGUAGE_STANDARD = "gnu++14";
				CLANG_CXX_LIBRARY = "libc++";
				CLANG_ENABLE_MODULES = YES;
				CLANG_ENABLE_OBJC_ARC = YES;
				CLANG_ENABLE_OBJC_WEAK = YES;
				CLANG_WARN_BLOCK_CAPTURE_AUTORELEASING = YES;
				CLANG_WARN_BOOL_CONVERSION = YES;
				CLANG_WARN_COMMA = YES;
				CLANG_WARN_CONSTANT_CONVERSION = YES;
				CLANG_WARN_DEPRECATED_OBJC_IMPLEMENTATIONS = YES;
				CLANG_WARN_DIRECT_OBJC_ISA_USAGE = YES_ERROR;
				CLANG_WARN_DOCUMENTATION_COMMENTS = YES;
				CLANG_WARN_EMPTY_BODY = YES;
				CLANG_WARN_ENUM_CONVERSION = YES;
				CLANG_WARN_INFINITE_RECURSION = YES;
				CLANG_WARN_INT_CONVERSION = YES;
				CLANG_WARN_NON_LITERAL_NULL_CONVERSION = YES;
				CLANG_WARN_OBJC_IMPLICIT_RETAIN_SELF = YES;
				CLANG_WARN_OBJC_LITERAL_CONVERSION = YES;
				CLANG_WARN_OBJC_ROOT_CLASS = YES_ERROR;
				CLANG_WARN_QUOTED_INCLUDE_IN_FRAMEWORK_HEADER = YES;
				CLANG_WARN_RANGE_LOOP_ANALYSIS = YES;
				CLANG_WARN_STRICT_PROTOTYPES = YES;
				CLANG_WARN_SUSPICIOUS_MOVE = YES;
				CLANG_WARN_UNGUARDED_AVAILABILITY = YES_AGGRESSIVE;
				CLANG_WARN_UNREACHABLE_CODE = YES;
				CLANG_WARN__DUPLICATE_METHOD_MATCH = YES;
				COPY_PHASE_STRIP = NO;
				DEBUG_INFORMATION_FORMAT = dwarf;
				ENABLE_STRICT_OBJC_MSGSEND = YES;
				ENABLE_TESTABILITY = YES;
				GCC_C_LANGUAGE_STANDARD = gnu11;
				GCC_DYNAMIC_NO_PIC = NO;
				GCC_NO_COMMON_BLOCKS = YES;
				GCC_OPTIMIZATION_LEVEL = 0;
				GCC_PREPROCESSOR_DEFINITIONS = (
					"DEBUG=1",
					"$(inherited)",
				);
				GCC_WARN_64_TO_32_BIT_CONVERSION = YES;
				GCC_WARN_ABOUT_RETURN_TYPE = YES_ERROR;
				GCC_WARN_UNDECLARED_SELECTOR = YES;
				GCC_WARN_UNINITIALIZED_AUTOS = YES_AGGRESSIVE;
				GCC_WARN_UNUSED_FUNCTION = YES;
				GCC_WARN_UNUSED_VARIABLE = YES;
				IPHONEOS_DEPLOYMENT_TARGET = 14.4;
				MTL_ENABLE_DEBUG_INFO = INCLUDE_SOURCE;
				MTL_FAST_MATH = YES;
				ONLY_ACTIVE_ARCH = YES;
				SDKROOT = iphoneos;
				SWIFT_ACTIVE_COMPILATION_CONDITIONS = DEBUG;
				SWIFT_OPTIMIZATION_LEVEL = "-Onone";
			};
			name = Debug;
		};
		32A7F50E2633AE4F00058AAE /* Release */ = {
			isa = XCBuildConfiguration;
			buildSettings = {
				ALWAYS_SEARCH_USER_PATHS = NO;
				CLANG_ANALYZER_NONNULL = YES;
				CLANG_ANALYZER_NUMBER_OBJECT_CONVERSION = YES_AGGRESSIVE;
				CLANG_CXX_LANGUAGE_STANDARD = "gnu++14";
				CLANG_CXX_LIBRARY = "libc++";
				CLANG_ENABLE_MODULES = YES;
				CLANG_ENABLE_OBJC_ARC = YES;
				CLANG_ENABLE_OBJC_WEAK = YES;
				CLANG_WARN_BLOCK_CAPTURE_AUTORELEASING = YES;
				CLANG_WARN_BOOL_CONVERSION = YES;
				CLANG_WARN_COMMA = YES;
				CLANG_WARN_CONSTANT_CONVERSION = YES;
				CLANG_WARN_DEPRECATED_OBJC_IMPLEMENTATIONS = YES;
				CLANG_WARN_DIRECT_OBJC_ISA_USAGE = YES_ERROR;
				CLANG_WARN_DOCUMENTATION_COMMENTS = YES;
				CLANG_WARN_EMPTY_BODY = YES;
				CLANG_WARN_ENUM_CONVERSION = YES;
				CLANG_WARN_INFINITE_RECURSION = YES;
				CLANG_WARN_INT_CONVERSION = YES;
				CLANG_WARN_NON_LITERAL_NULL_CONVERSION = YES;
				CLANG_WARN_OBJC_IMPLICIT_RETAIN_SELF = YES;
				CLANG_WARN_OBJC_LITERAL_CONVERSION = YES;
				CLANG_WARN_OBJC_ROOT_CLASS = YES_ERROR;
				CLANG_WARN_QUOTED_INCLUDE_IN_FRAMEWORK_HEADER = YES;
				CLANG_WARN_RANGE_LOOP_ANALYSIS = YES;
				CLANG_WARN_STRICT_PROTOTYPES = YES;
				CLANG_WARN_SUSPICIOUS_MOVE = YES;
				CLANG_WARN_UNGUARDED_AVAILABILITY = YES_AGGRESSIVE;
				CLANG_WARN_UNREACHABLE_CODE = YES;
				CLANG_WARN__DUPLICATE_METHOD_MATCH = YES;
				COPY_PHASE_STRIP = NO;
				DEBUG_INFORMATION_FORMAT = "dwarf-with-dsym";
				ENABLE_NS_ASSERTIONS = NO;
				ENABLE_STRICT_OBJC_MSGSEND = YES;
				GCC_C_LANGUAGE_STANDARD = gnu11;
				GCC_NO_COMMON_BLOCKS = YES;
				GCC_WARN_64_TO_32_BIT_CONVERSION = YES;
				GCC_WARN_ABOUT_RETURN_TYPE = YES_ERROR;
				GCC_WARN_UNDECLARED_SELECTOR = YES;
				GCC_WARN_UNINITIALIZED_AUTOS = YES_AGGRESSIVE;
				GCC_WARN_UNUSED_FUNCTION = YES;
				GCC_WARN_UNUSED_VARIABLE = YES;
				IPHONEOS_DEPLOYMENT_TARGET = 14.4;
				MTL_ENABLE_DEBUG_INFO = NO;
				MTL_FAST_MATH = YES;
				SDKROOT = iphoneos;
				SWIFT_COMPILATION_MODE = wholemodule;
				SWIFT_OPTIMIZATION_LEVEL = "-O";
				VALIDATE_PRODUCT = YES;
			};
			name = Release;
		};
		32A7F5102633AE4F00058AAE /* Debug */ = {
			isa = XCBuildConfiguration;
			buildSettings = {
				ASSETCATALOG_COMPILER_APPICON_NAME = AppIcon;
				ASSETCATALOG_COMPILER_GLOBAL_ACCENT_COLOR_NAME = AccentColor;
				CODE_SIGN_STYLE = Automatic;
				INFOPLIST_FILE = GithubSearch/Info.plist;
				LD_RUNPATH_SEARCH_PATHS = (
					"$(inherited)",
					"@executable_path/Frameworks",
				);
				PRODUCT_BUNDLE_IDENTIFIER = riku3.GithubSearch;
				PRODUCT_NAME = "$(TARGET_NAME)";
				SWIFT_VERSION = 5.0;
				TARGETED_DEVICE_FAMILY = "1,2";
			};
			name = Debug;
		};
		32A7F5112633AE4F00058AAE /* Release */ = {
			isa = XCBuildConfiguration;
			buildSettings = {
				ASSETCATALOG_COMPILER_APPICON_NAME = AppIcon;
				ASSETCATALOG_COMPILER_GLOBAL_ACCENT_COLOR_NAME = AccentColor;
				CODE_SIGN_STYLE = Automatic;
				INFOPLIST_FILE = GithubSearch/Info.plist;
				LD_RUNPATH_SEARCH_PATHS = (
					"$(inherited)",
					"@executable_path/Frameworks",
				);
				PRODUCT_BUNDLE_IDENTIFIER = riku3.GithubSearch;
				PRODUCT_NAME = "$(TARGET_NAME)";
				SWIFT_VERSION = 5.0;
				TARGETED_DEVICE_FAMILY = "1,2";
			};
			name = Release;
		};
		32A7F5132633AE4F00058AAE /* Debug */ = {
			isa = XCBuildConfiguration;
			buildSettings = {
				ALWAYS_EMBED_SWIFT_STANDARD_LIBRARIES = YES;
				BUNDLE_LOADER = "$(TEST_HOST)";
				CODE_SIGN_STYLE = Automatic;
				INFOPLIST_FILE = GithubSearchTests/Info.plist;
				IPHONEOS_DEPLOYMENT_TARGET = 14.4;
				LD_RUNPATH_SEARCH_PATHS = (
					"$(inherited)",
					"@executable_path/Frameworks",
					"@loader_path/Frameworks",
				);
				PRODUCT_BUNDLE_IDENTIFIER = riku3.GithubSearchTests;
				PRODUCT_NAME = "$(TARGET_NAME)";
				SWIFT_VERSION = 5.0;
				TARGETED_DEVICE_FAMILY = "1,2";
				TEST_HOST = "$(BUILT_PRODUCTS_DIR)/GithubSearch.app/GithubSearch";
			};
			name = Debug;
		};
		32A7F5142633AE4F00058AAE /* Release */ = {
			isa = XCBuildConfiguration;
			buildSettings = {
				ALWAYS_EMBED_SWIFT_STANDARD_LIBRARIES = YES;
				BUNDLE_LOADER = "$(TEST_HOST)";
				CODE_SIGN_STYLE = Automatic;
				INFOPLIST_FILE = GithubSearchTests/Info.plist;
				IPHONEOS_DEPLOYMENT_TARGET = 14.4;
				LD_RUNPATH_SEARCH_PATHS = (
					"$(inherited)",
					"@executable_path/Frameworks",
					"@loader_path/Frameworks",
				);
				PRODUCT_BUNDLE_IDENTIFIER = riku3.GithubSearchTests;
				PRODUCT_NAME = "$(TARGET_NAME)";
				SWIFT_VERSION = 5.0;
				TARGETED_DEVICE_FAMILY = "1,2";
				TEST_HOST = "$(BUILT_PRODUCTS_DIR)/GithubSearch.app/GithubSearch";
			};
			name = Release;
		};
		32A7F5162633AE4F00058AAE /* Debug */ = {
			isa = XCBuildConfiguration;
			buildSettings = {
				ALWAYS_EMBED_SWIFT_STANDARD_LIBRARIES = YES;
				CODE_SIGN_STYLE = Automatic;
				INFOPLIST_FILE = GithubSearchUITests/Info.plist;
				LD_RUNPATH_SEARCH_PATHS = (
					"$(inherited)",
					"@executable_path/Frameworks",
					"@loader_path/Frameworks",
				);
				PRODUCT_BUNDLE_IDENTIFIER = riku3.GithubSearchUITests;
				PRODUCT_NAME = "$(TARGET_NAME)";
				SWIFT_VERSION = 5.0;
				TARGETED_DEVICE_FAMILY = "1,2";
				TEST_TARGET_NAME = GithubSearch;
			};
			name = Debug;
		};
		32A7F5172633AE4F00058AAE /* Release */ = {
			isa = XCBuildConfiguration;
			buildSettings = {
				ALWAYS_EMBED_SWIFT_STANDARD_LIBRARIES = YES;
				CODE_SIGN_STYLE = Automatic;
				INFOPLIST_FILE = GithubSearchUITests/Info.plist;
				LD_RUNPATH_SEARCH_PATHS = (
					"$(inherited)",
					"@executable_path/Frameworks",
					"@loader_path/Frameworks",
				);
				PRODUCT_BUNDLE_IDENTIFIER = riku3.GithubSearchUITests;
				PRODUCT_NAME = "$(TARGET_NAME)";
				SWIFT_VERSION = 5.0;
				TARGETED_DEVICE_FAMILY = "1,2";
				TEST_TARGET_NAME = GithubSearch;
			};
			name = Release;
		};
/* End XCBuildConfiguration section */

/* Begin XCConfigurationList section */
		32A7F4E02633AE4B00058AAE /* Build configuration list for PBXProject "GithubSearch" */ = {
			isa = XCConfigurationList;
			buildConfigurations = (
				32A7F50D2633AE4F00058AAE /* Debug */,
				32A7F50E2633AE4F00058AAE /* Release */,
			);
			defaultConfigurationIsVisible = 0;
			defaultConfigurationName = Release;
		};
		32A7F50F2633AE4F00058AAE /* Build configuration list for PBXNativeTarget "GithubSearch" */ = {
			isa = XCConfigurationList;
			buildConfigurations = (
				32A7F5102633AE4F00058AAE /* Debug */,
				32A7F5112633AE4F00058AAE /* Release */,
			);
			defaultConfigurationIsVisible = 0;
			defaultConfigurationName = Release;
		};
		32A7F5122633AE4F00058AAE /* Build configuration list for PBXNativeTarget "GithubSearchTests" */ = {
			isa = XCConfigurationList;
			buildConfigurations = (
				32A7F5132633AE4F00058AAE /* Debug */,
				32A7F5142633AE4F00058AAE /* Release */,
			);
			defaultConfigurationIsVisible = 0;
			defaultConfigurationName = Release;
		};
		32A7F5152633AE4F00058AAE /* Build configuration list for PBXNativeTarget "GithubSearchUITests" */ = {
			isa = XCConfigurationList;
			buildConfigurations = (
				32A7F5162633AE4F00058AAE /* Debug */,
				32A7F5172633AE4F00058AAE /* Release */,
			);
			defaultConfigurationIsVisible = 0;
			defaultConfigurationName = Release;
		};
/* End XCConfigurationList section */
	};
	rootObject = 32A7F4DD2633AE4B00058AAE /* Project object */;
}
